
Microsoft Visual Studio Solution File, Format Version 12.00
# Visual Studio Version 17
VisualStudioVersion = 17.14.36414.22 d17.14
MinimumVisualStudioVersion = 10.0.40219.1
Project("{FAE04EC0-301F-11D3-BF4B-00C04F79EFBC}") = "LinkedList.Console", "LinkedList.Console\LinkedList.Console.csproj", "{6068482B-1082-46B0-8EA4-EB3EE8A0600F}"
EndProject
Project("{FAE04EC0-301F-11D3-BF4B-00C04F79EFBC}") = "LinkedList.Core", "LinkedList.Core\LinkedList.Core.csproj", "{E078968B-A7DF-4ABE-A857-3AFA54D89FC3}"
EndProject
Global
	GlobalSection(SolutionConfigurationPlatforms) = preSolution
		Debug|Any CPU = Debug|Any CPU
		Release|Any CPU = Release|Any CPU
	EndGlobalSection
	GlobalSection(ProjectConfigurationPlatforms) = postSolution
		{6068482B-1082-46B0-8EA4-EB3EE8A0600F}.Debug|Any CPU.ActiveCfg = Debug|Any CPU
		{6068482B-1082-46B0-8EA4-EB3EE8A0600F}.Debug|Any CPU.Build.0 = Debug|Any CPU
		{6068482B-1082-46B0-8EA4-EB3EE8A0600F}.Release|Any CPU.ActiveCfg = Release|Any CPU
		{6068482B-1082-46B0-8EA4-EB3EE8A0600F}.Release|Any CPU.Build.0 = Release|Any CPU
		{E078968B-A7DF-4ABE-A857-3AFA54D89FC3}.Debug|Any CPU.ActiveCfg = Debug|Any CPU
		{E078968B-A7DF-4ABE-A857-3AFA54D89FC3}.Debug|Any CPU.Build.0 = Debug|Any CPU
		{E078968B-A7DF-4ABE-A857-3AFA54D89FC3}.Release|Any CPU.ActiveCfg = Release|Any CPU
		{E078968B-A7DF-4ABE-A857-3AFA54D89FC3}.Release|Any CPU.Build.0 = Release|Any CPU
	EndGlobalSection
	GlobalSection(SolutionProperties) = preSolution
		HideSolutionNode = FALSE
	EndGlobalSection
	GlobalSection(ExtensibilityGlobals) = postSolution
		SolutionGuid = {30155B3C-BEE6-4368-8ABE-E67F9E16F676}
	EndGlobalSection
EndGlobal
